
Microsoft Visual Studio Solution File, Format Version 12.00
# Visual Studio 15
VisualStudioVersion = 15.0.26730.15
MinimumVisualStudioVersion = 10.0.40219.1
Project("{FAE04EC0-301F-11D3-BF4B-00C04F79EFBC}") = "ErsteWPFApplikation", "ErsteWPFApplikation\ErsteWPFApplikation.csproj", "{3BE54F43-7D46-4916-AF88-B38E5FA7D857}"
EndProject
Project("{FAE04EC0-301F-11D3-BF4B-00C04F79EFBC}") = "WPFLayout", "WPFLayout\WPFLayout.csproj", "{2BC5415B-270C-4901-8F1C-A29DEA1A8198}"
EndProject
Project("{FAE04EC0-301F-11D3-BF4B-00C04F79EFBC}") = "WPFGrid", "WPFGrid\WPFGrid.csproj", "{4212352D-C324-4010-A28F-D51A556C6787}"
EndProject
Project("{FAE04EC0-301F-11D3-BF4B-00C04F79EFBC}") = "WPFStackPanel", "WPFStackPanel\WPFStackPanel.csproj", "{4C0FEBF7-E1EB-481B-B6F3-3715B44ED373}"
EndProject
Project("{FAE04EC0-301F-11D3-BF4B-00C04F79EFBC}") = "DataBinding", "DataBinding\DataBinding.csproj", "{28995DC6-6CAB-4E5A-9536-59B0524A4152}"
EndProject
Global
	GlobalSection(SolutionConfigurationPlatforms) = preSolution
		Debug|Any CPU = Debug|Any CPU
		Release|Any CPU = Release|Any CPU
	EndGlobalSection
	GlobalSection(ProjectConfigurationPlatforms) = postSolution
		{3BE54F43-7D46-4916-AF88-B38E5FA7D857}.Debug|Any CPU.ActiveCfg = Debug|Any CPU
		{3BE54F43-7D46-4916-AF88-B38E5FA7D857}.Debug|Any CPU.Build.0 = Debug|Any CPU
		{3BE54F43-7D46-4916-AF88-B38E5FA7D857}.Release|Any CPU.ActiveCfg = Release|Any CPU
		{3BE54F43-7D46-4916-AF88-B38E5FA7D857}.Release|Any CPU.Build.0 = Release|Any CPU
		{2BC5415B-270C-4901-8F1C-A29DEA1A8198}.Debug|Any CPU.ActiveCfg = Debug|Any CPU
		{2BC5415B-270C-4901-8F1C-A29DEA1A8198}.Debug|Any CPU.Build.0 = Debug|Any CPU
		{2BC5415B-270C-4901-8F1C-A29DEA1A8198}.Release|Any CPU.ActiveCfg = Release|Any CPU
		{2BC5415B-270C-4901-8F1C-A29DEA1A8198}.Release|Any CPU.Build.0 = Release|Any CPU
		{4212352D-C324-4010-A28F-D51A556C6787}.Debug|Any CPU.ActiveCfg = Debug|Any CPU
		{4212352D-C324-4010-A28F-D51A556C6787}.Debug|Any CPU.Build.0 = Debug|Any CPU
		{4212352D-C324-4010-A28F-D51A556C6787}.Release|Any CPU.ActiveCfg = Release|Any CPU
		{4212352D-C324-4010-A28F-D51A556C6787}.Release|Any CPU.Build.0 = Release|Any CPU
		{4C0FEBF7-E1EB-481B-B6F3-3715B44ED373}.Debug|Any CPU.ActiveCfg = Debug|Any CPU
		{4C0FEBF7-E1EB-481B-B6F3-3715B44ED373}.Debug|Any CPU.Build.0 = Debug|Any CPU
		{4C0FEBF7-E1EB-481B-B6F3-3715B44ED373}.Release|Any CPU.ActiveCfg = Release|Any CPU
		{4C0FEBF7-E1EB-481B-B6F3-3715B44ED373}.Release|Any CPU.Build.0 = Release|Any CPU
		{28995DC6-6CAB-4E5A-9536-59B0524A4152}.Debug|Any CPU.ActiveCfg = Debug|Any CPU
		{28995DC6-6CAB-4E5A-9536-59B0524A4152}.Debug|Any CPU.Build.0 = Debug|Any CPU
		{28995DC6-6CAB-4E5A-9536-59B0524A4152}.Release|Any CPU.ActiveCfg = Release|Any CPU
		{28995DC6-6CAB-4E5A-9536-59B0524A4152}.Release|Any CPU.Build.0 = Release|Any CPU
	EndGlobalSection
	GlobalSection(SolutionProperties) = preSolution
		HideSolutionNode = FALSE
	EndGlobalSection
	GlobalSection(ExtensibilityGlobals) = postSolution
		SolutionGuid = {55055391-9620-4BFC-A902-2EFDF704B49D}
	EndGlobalSection
EndGlobal
